// !$*UTF8*$!
{
	archiveVersion = 1;
	classes = {
	};
	objectVersion = 46;
	objects = {

/* Begin PBXBuildFile section */
		8705BBCE193DAAF800294C01 /* Foundation.framework in Frameworks */ = {isa = PBXBuildFile; fileRef = 8705BBCD193DAAF800294C01 /* Foundation.framework */; };
		8705BBD0193DAAF800294C01 /* CoreGraphics.framework in Frameworks */ = {isa = PBXBuildFile; fileRef = 8705BBCF193DAAF800294C01 /* CoreGraphics.framework */; };
		8705BBD2193DAAF800294C01 /* UIKit.framework in Frameworks */ = {isa = PBXBuildFile; fileRef = 8705BBD1193DAAF800294C01 /* UIKit.framework */; };
		8705BBD8193DAAF800294C01 /* InfoPlist.strings in Resources */ = {isa = PBXBuildFile; fileRef = 8705BBD6193DAAF800294C01 /* InfoPlist.strings */; };
		8705BBDA193DAAF800294C01 /* main.m in Sources */ = {isa = PBXBuildFile; fileRef = 8705BBD9193DAAF800294C01 /* main.m */; };
		8705BBDE193DAAF800294C01 /* PAJAppDelegate.m in Sources */ = {isa = PBXBuildFile; fileRef = 8705BBDD193DAAF800294C01 /* PAJAppDelegate.m */; };
		8705BBE1193DAAF800294C01 /* Main_iPhone.storyboard in Resources */ = {isa = PBXBuildFile; fileRef = 8705BBDF193DAAF800294C01 /* Main_iPhone.storyboard */; };
		8705BBE4193DAAF800294C01 /* Main_iPad.storyboard in Resources */ = {isa = PBXBuildFile; fileRef = 8705BBE2193DAAF800294C01 /* Main_iPad.storyboard */; };
		8705BBE7193DAAF800294C01 /* PAJViewController.m in Sources */ = {isa = PBXBuildFile; fileRef = 8705BBE6193DAAF800294C01 /* PAJViewController.m */; };
		8705BBE9193DAAF800294C01 /* Images.xcassets in Resources */ = {isa = PBXBuildFile; fileRef = 8705BBE8193DAAF800294C01 /* Images.xcassets */; };
		8705BBF0193DAAF800294C01 /* XCTest.framework in Frameworks */ = {isa = PBXBuildFile; fileRef = 8705BBEF193DAAF800294C01 /* XCTest.framework */; };
		8705BBF1193DAAF800294C01 /* Foundation.framework in Frameworks */ = {isa = PBXBuildFile; fileRef = 8705BBCD193DAAF800294C01 /* Foundation.framework */; };
		8705BBF2193DAAF800294C01 /* UIKit.framework in Frameworks */ = {isa = PBXBuildFile; fileRef = 8705BBD1193DAAF800294C01 /* UIKit.framework */; };
		8705BBFA193DAAF800294C01 /* InfoPlist.strings in Resources */ = {isa = PBXBuildFile; fileRef = 8705BBF8193DAAF800294C01 /* InfoPlist.strings */; };
		8705BBFC193DAAF800294C01 /* FdancerTests.m in Sources */ = {isa = PBXBuildFile; fileRef = 8705BBFB193DAAF800294C01 /* FdancerTests.m */; };
		8705BC07193DB36600294C01 /* PAJButton.m in Sources */ = {isa = PBXBuildFile; fileRef = 8705BC06193DB36600294C01 /* PAJButton.m */; };
		8705BC0C193F04AC00294C01 /* PAJSettings.m in Sources */ = {isa = PBXBuildFile; fileRef = 8705BC0B193F04AC00294C01 /* PAJSettings.m */; };
/* End PBXBuildFile section */

/* Begin PBXContainerItemProxy section */
		8705BBF3193DAAF800294C01 /* PBXContainerItemProxy */ = {
			isa = PBXContainerItemProxy;
			containerPortal = 8705BBC2193DAAF800294C01 /* Project object */;
			proxyType = 1;
			remoteGlobalIDString = 8705BBC9193DAAF800294C01;
			remoteInfo = Fdancer;
		};
/* End PBXContainerItemProxy section */

/* Begin PBXFileReference section */
		8705BBCA193DAAF800294C01 /* Fdancer.app */ = {isa = PBXFileReference; explicitFileType = wrapper.application; includeInIndex = 0; path = Fdancer.app; sourceTree = BUILT_PRODUCTS_DIR; };
		8705BBCD193DAAF800294C01 /* Foundation.framework */ = {isa = PBXFileReference; lastKnownFileType = wrapper.framework; name = Foundation.framework; path = System/Library/Frameworks/Foundation.framework; sourceTree = SDKROOT; };
		8705BBCF193DAAF800294C01 /* CoreGraphics.framework */ = {isa = PBXFileReference; lastKnownFileType = wrapper.framework; name = CoreGraphics.framework; path = System/Library/Frameworks/CoreGraphics.framework; sourceTree = SDKROOT; };
		8705BBD1193DAAF800294C01 /* UIKit.framework */ = {isa = PBXFileReference; lastKnownFileType = wrapper.framework; name = UIKit.framework; path = System/Library/Frameworks/UIKit.framework; sourceTree = SDKROOT; };
		8705BBD5193DAAF800294C01 /* Fdancer-Info.plist */ = {isa = PBXFileReference; lastKnownFileType = text.plist.xml; path = "Fdancer-Info.plist"; sourceTree = "<group>"; };
		8705BBD7193DAAF800294C01 /* en */ = {isa = PBXFileReference; lastKnownFileType = text.plist.strings; name = en; path = en.lproj/InfoPlist.strings; sourceTree = "<group>"; };
		8705BBD9193DAAF800294C01 /* main.m */ = {isa = PBXFileReference; lastKnownFileType = sourcecode.c.objc; path = main.m; sourceTree = "<group>"; };
		8705BBDB193DAAF800294C01 /* Fdancer-Prefix.pch */ = {isa = PBXFileReference; lastKnownFileType = sourcecode.c.h; path = "Fdancer-Prefix.pch"; sourceTree = "<group>"; };
		8705BBDC193DAAF800294C01 /* PAJAppDelegate.h */ = {isa = PBXFileReference; lastKnownFileType = sourcecode.c.h; path = PAJAppDelegate.h; sourceTree = "<group>"; };
		8705BBDD193DAAF800294C01 /* PAJAppDelegate.m */ = {isa = PBXFileReference; lastKnownFileType = sourcecode.c.objc; path = PAJAppDelegate.m; sourceTree = "<group>"; };
		8705BBE0193DAAF800294C01 /* Base */ = {isa = PBXFileReference; lastKnownFileType = file.storyboard; name = Base; path = Base.lproj/Main_iPhone.storyboard; sourceTree = "<group>"; };
		8705BBE3193DAAF800294C01 /* Base */ = {isa = PBXFileReference; lastKnownFileType = file.storyboard; name = Base; path = Base.lproj/Main_iPad.storyboard; sourceTree = "<group>"; };
		8705BBE5193DAAF800294C01 /* PAJViewController.h */ = {isa = PBXFileReference; lastKnownFileType = sourcecode.c.h; path = PAJViewController.h; sourceTree = "<group>"; };
		8705BBE6193DAAF800294C01 /* PAJViewController.m */ = {isa = PBXFileReference; lastKnownFileType = sourcecode.c.objc; path = PAJViewController.m; sourceTree = "<group>"; };
		8705BBE8193DAAF800294C01 /* Images.xcassets */ = {isa = PBXFileReference; lastKnownFileType = folder.assetcatalog; path = Images.xcassets; sourceTree = "<group>"; };
		8705BBEE193DAAF800294C01 /* FdancerTests.xctest */ = {isa = PBXFileReference; explicitFileType = wrapper.cfbundle; includeInIndex = 0; path = FdancerTests.xctest; sourceTree = BUILT_PRODUCTS_DIR; };
		8705BBEF193DAAF800294C01 /* XCTest.framework */ = {isa = PBXFileReference; lastKnownFileType = wrapper.framework; name = XCTest.framework; path = Library/Frameworks/XCTest.framework; sourceTree = DEVELOPER_DIR; };
		8705BBF7193DAAF800294C01 /* FdancerTests-Info.plist */ = {isa = PBXFileReference; lastKnownFileType = text.plist.xml; path = "FdancerTests-Info.plist"; sourceTree = "<group>"; };
		8705BBF9193DAAF800294C01 /* en */ = {isa = PBXFileReference; lastKnownFileType = text.plist.strings; name = en; path = en.lproj/InfoPlist.strings; sourceTree = "<group>"; };
		8705BBFB193DAAF800294C01 /* FdancerTests.m */ = {isa = PBXFileReference; lastKnownFileType = sourcecode.c.objc; path = FdancerTests.m; sourceTree = "<group>"; };
		8705BC05193DB36600294C01 /* PAJButton.h */ = {isa = PBXFileReference; fileEncoding = 4; lastKnownFileType = sourcecode.c.h; path = PAJButton.h; sourceTree = "<group>"; };
		8705BC06193DB36600294C01 /* PAJButton.m */ = {isa = PBXFileReference; fileEncoding = 4; lastKnownFileType = sourcecode.c.objc; path = PAJButton.m; sourceTree = "<group>"; };
		8705BC0A193F04AC00294C01 /* PAJSettings.h */ = {isa = PBXFileReference; fileEncoding = 4; lastKnownFileType = sourcecode.c.h; path = PAJSettings.h; sourceTree = "<group>"; };
		8705BC0B193F04AC00294C01 /* PAJSettings.m */ = {isa = PBXFileReference; fileEncoding = 4; lastKnownFileType = sourcecode.c.objc; path = PAJSettings.m; sourceTree = "<group>"; };
/* End PBXFileReference section */

/* Begin PBXFrameworksBuildPhase section */
		8705BBC7193DAAF800294C01 /* Frameworks */ = {
			isa = PBXFrameworksBuildPhase;
			buildActionMask = 2147483647;
			files = (
				8705BBD0193DAAF800294C01 /* CoreGraphics.framework in Frameworks */,
				8705BBD2193DAAF800294C01 /* UIKit.framework in Frameworks */,
				8705BBCE193DAAF800294C01 /* Foundation.framework in Frameworks */,
			);
			runOnlyForDeploymentPostprocessing = 0;
		};
		8705BBEB193DAAF800294C01 /* Frameworks */ = {
			isa = PBXFrameworksBuildPhase;
			buildActionMask = 2147483647;
			files = (
				8705BBF0193DAAF800294C01 /* XCTest.framework in Frameworks */,
				8705BBF2193DAAF800294C01 /* UIKit.framework in Frameworks */,
				8705BBF1193DAAF800294C01 /* Foundation.framework in Frameworks */,
			);
			runOnlyForDeploymentPostprocessing = 0;
		};
/* End PBXFrameworksBuildPhase section */

/* Begin PBXGroup section */
		8705BBC1193DAAF800294C01 = {
			isa = PBXGroup;
			children = (
				8705BBD3193DAAF800294C01 /* Fdancer */,
				8705BBF5193DAAF800294C01 /* FdancerTests */,
				8705BBCC193DAAF800294C01 /* Frameworks */,
				8705BBCB193DAAF800294C01 /* Products */,
			);
			sourceTree = "<group>";
		};
		8705BBCB193DAAF800294C01 /* Products */ = {
			isa = PBXGroup;
			children = (
				8705BBCA193DAAF800294C01 /* Fdancer.app */,
				8705BBEE193DAAF800294C01 /* FdancerTests.xctest */,
			);
			name = Products;
			sourceTree = "<group>";
		};
		8705BBCC193DAAF800294C01 /* Frameworks */ = {
			isa = PBXGroup;
			children = (
				8705BBCD193DAAF800294C01 /* Foundation.framework */,
				8705BBCF193DAAF800294C01 /* CoreGraphics.framework */,
				8705BBD1193DAAF800294C01 /* UIKit.framework */,
				8705BBEF193DAAF800294C01 /* XCTest.framework */,
			);
			name = Frameworks;
			sourceTree = "<group>";
		};
		8705BBD3193DAAF800294C01 /* Fdancer */ = {
			isa = PBXGroup;
			children = (
				8705BBDC193DAAF800294C01 /* PAJAppDelegate.h */,
				8705BBDD193DAAF800294C01 /* PAJAppDelegate.m */,
				8705BBDF193DAAF800294C01 /* Main_iPhone.storyboard */,
				8705BC09193EFCCE00294C01 /* gameObjects */,
				8705BBE2193DAAF800294C01 /* Main_iPad.storyboard */,
				8705BBE5193DAAF800294C01 /* PAJViewController.h */,
				8705BBE6193DAAF800294C01 /* PAJViewController.m */,
				8705BC0D193F0F5B00294C01 /* DB */,
				8705BBE8193DAAF800294C01 /* Images.xcassets */,
				8705BBD4193DAAF800294C01 /* Supporting Files */,
			);
			path = Fdancer;
			sourceTree = "<group>";
		};
		8705BBD4193DAAF800294C01 /* Supporting Files */ = {
			isa = PBXGroup;
			children = (
				8705BBD5193DAAF800294C01 /* Fdancer-Info.plist */,
				8705BBD6193DAAF800294C01 /* InfoPlist.strings */,
				8705BBD9193DAAF800294C01 /* main.m */,
				8705BBDB193DAAF800294C01 /* Fdancer-Prefix.pch */,
			);
			name = "Supporting Files";
			sourceTree = "<group>";
		};
		8705BBF5193DAAF800294C01 /* FdancerTests */ = {
			isa = PBXGroup;
			children = (
				8705BBFB193DAAF800294C01 /* FdancerTests.m */,
				8705BBF6193DAAF800294C01 /* Supporting Files */,
			);
			path = FdancerTests;
			sourceTree = "<group>";
		};
		8705BBF6193DAAF800294C01 /* Supporting Files */ = {
			isa = PBXGroup;
			children = (
				8705BBF7193DAAF800294C01 /* FdancerTests-Info.plist */,
				8705BBF8193DAAF800294C01 /* InfoPlist.strings */,
			);
			name = "Supporting Files";
			sourceTree = "<group>";
		};
		8705BC09193EFCCE00294C01 /* gameObjects */ = {
			isa = PBXGroup;
			children = (
				8705BC05193DB36600294C01 /* PAJButton.h */,
				8705BC06193DB36600294C01 /* PAJButton.m */,
			);
			name = gameObjects;
			sourceTree = "<group>";
		};
		8705BC0D193F0F5B00294C01 /* DB */ = {
			isa = PBXGroup;
			children = (
				8705BC0A193F04AC00294C01 /* PAJSettings.h */,
				8705BC0B193F04AC00294C01 /* PAJSettings.m */,
			);
			name = DB;
			sourceTree = "<group>";
		};
/* End PBXGroup section */

/* Begin PBXNativeTarget section */
		8705BBC9193DAAF800294C01 /* Fdancer */ = {
			isa = PBXNativeTarget;
			buildConfigurationList = 8705BBFF193DAAF800294C01 /* Build configuration list for PBXNativeTarget "Fdancer" */;
			buildPhases = (
				8705BBC6193DAAF800294C01 /* Sources */,
				8705BBC7193DAAF800294C01 /* Frameworks */,
				8705BBC8193DAAF800294C01 /* Resources */,
			);
			buildRules = (
			);
			dependencies = (
			);
			name = Fdancer;
			productName = Fdancer;
			productReference = 8705BBCA193DAAF800294C01 /* Fdancer.app */;
			productType = "com.apple.product-type.application";
		};
		8705BBED193DAAF800294C01 /* FdancerTests */ = {
			isa = PBXNativeTarget;
			buildConfigurationList = 8705BC02193DAAF800294C01 /* Build configuration list for PBXNativeTarget "FdancerTests" */;
			buildPhases = (
				8705BBEA193DAAF800294C01 /* Sources */,
				8705BBEB193DAAF800294C01 /* Frameworks */,
				8705BBEC193DAAF800294C01 /* Resources */,
			);
			buildRules = (
			);
			dependencies = (
				8705BBF4193DAAF800294C01 /* PBXTargetDependency */,
			);
			name = FdancerTests;
			productName = FdancerTests;
			productReference = 8705BBEE193DAAF800294C01 /* FdancerTests.xctest */;
			productType = "com.apple.product-type.bundle.unit-test";
		};
/* End PBXNativeTarget section */

/* Begin PBXProject section */
		8705BBC2193DAAF800294C01 /* Project object */ = {
			isa = PBXProject;
			attributes = {
				CLASSPREFIX = PAJ;
				LastUpgradeCheck = 0510;
				ORGANIZATIONNAME = Peder_jonsson;
				TargetAttributes = {
					8705BBC9193DAAF800294C01 = {
						DevelopmentTeam = YFEY6BRXLC;
					};
					8705BBED193DAAF800294C01 = {
						TestTargetID = 8705BBC9193DAAF800294C01;
					};
				};
			};
			buildConfigurationList = 8705BBC5193DAAF800294C01 /* Build configuration list for PBXProject "Fdancer" */;
			compatibilityVersion = "Xcode 3.2";
			developmentRegion = English;
			hasScannedForEncodings = 0;
			knownRegions = (
				en,
				Base,
			);
			mainGroup = 8705BBC1193DAAF800294C01;
			productRefGroup = 8705BBCB193DAAF800294C01 /* Products */;
			projectDirPath = "";
			projectRoot = "";
			targets = (
				8705BBC9193DAAF800294C01 /* Fdancer */,
				8705BBED193DAAF800294C01 /* FdancerTests */,
			);
		};
/* End PBXProject section */

/* Begin PBXResourcesBuildPhase section */
		8705BBC8193DAAF800294C01 /* Resources */ = {
			isa = PBXResourcesBuildPhase;
			buildActionMask = 2147483647;
			files = (
				8705BBE4193DAAF800294C01 /* Main_iPad.storyboard in Resources */,
				8705BBE9193DAAF800294C01 /* Images.xcassets in Resources */,
				8705BBE1193DAAF800294C01 /* Main_iPhone.storyboard in Resources */,
				8705BBD8193DAAF800294C01 /* InfoPlist.strings in Resources */,
			);
			runOnlyForDeploymentPostprocessing = 0;
		};
		8705BBEC193DAAF800294C01 /* Resources */ = {
			isa = PBXResourcesBuildPhase;
			buildActionMask = 2147483647;
			files = (
				8705BBFA193DAAF800294C01 /* InfoPlist.strings in Resources */,
			);
			runOnlyForDeploymentPostprocessing = 0;
		};
/* End PBXResourcesBuildPhase section */

/* Begin PBXSourcesBuildPhase section */
		8705BBC6193DAAF800294C01 /* Sources */ = {
			isa = PBXSourcesBuildPhase;
			buildActionMask = 2147483647;
			files = (
				8705BBDE193DAAF800294C01 /* PAJAppDelegate.m in Sources */,
				8705BC07193DB36600294C01 /* PAJButton.m in Sources */,
				8705BBE7193DAAF800294C01 /* PAJViewController.m in Sources */,
				8705BC0C193F04AC00294C01 /* PAJSettings.m in Sources */,
				8705BBDA193DAAF800294C01 /* main.m in Sources */,
			);
			runOnlyForDeploymentPostprocessing = 0;
		};
		8705BBEA193DAAF800294C01 /* Sources */ = {
			isa = PBXSourcesBuildPhase;
			buildActionMask = 2147483647;
			files = (
				8705BBFC193DAAF800294C01 /* FdancerTests.m in Sources */,
			);
			runOnlyForDeploymentPostprocessing = 0;
		};
/* End PBXSourcesBuildPhase section */

/* Begin PBXTargetDependency section */
		8705BBF4193DAAF800294C01 /* PBXTargetDependency */ = {
			isa = PBXTargetDependency;
			target = 8705BBC9193DAAF800294C01 /* Fdancer */;
			targetProxy = 8705BBF3193DAAF800294C01 /* PBXContainerItemProxy */;
		};
/* End PBXTargetDependency section */

/* Begin PBXVariantGroup section */
		8705BBD6193DAAF800294C01 /* InfoPlist.strings */ = {
			isa = PBXVariantGroup;
			children = (
				8705BBD7193DAAF800294C01 /* en */,
			);
			name = InfoPlist.strings;
			sourceTree = "<group>";
		};
		8705BBDF193DAAF800294C01 /* Main_iPhone.storyboard */ = {
			isa = PBXVariantGroup;
			children = (
				8705BBE0193DAAF800294C01 /* Base */,
			);
			name = Main_iPhone.storyboard;
			sourceTree = "<group>";
		};
		8705BBE2193DAAF800294C01 /* Main_iPad.storyboard */ = {
			isa = PBXVariantGroup;
			children = (
				8705BBE3193DAAF800294C01 /* Base */,
			);
			name = Main_iPad.storyboard;
			sourceTree = "<group>";
		};
		8705BBF8193DAAF800294C01 /* InfoPlist.strings */ = {
			isa = PBXVariantGroup;
			children = (
				8705BBF9193DAAF800294C01 /* en */,
			);
			name = InfoPlist.strings;
			sourceTree = "<group>";
		};
/* End PBXVariantGroup section */

/* Begin XCBuildConfiguration section */
		8705BBFD193DAAF800294C01 /* Debug */ = {
			isa = XCBuildConfiguration;
			buildSettings = {
				ALWAYS_SEARCH_USER_PATHS = NO;
				CLANG_CXX_LANGUAGE_STANDARD = "gnu++0x";
				CLANG_CXX_LIBRARY = "libc++";
				CLANG_ENABLE_MODULES = YES;
				CLANG_ENABLE_OBJC_ARC = YES;
				CLANG_WARN_BOOL_CONVERSION = YES;
				CLANG_WARN_CONSTANT_CONVERSION = YES;
				CLANG_WARN_DIRECT_OBJC_ISA_USAGE = YES_ERROR;
				CLANG_WARN_EMPTY_BODY = YES;
				CLANG_WARN_ENUM_CONVERSION = YES;
				CLANG_WARN_INT_CONVERSION = YES;
				CLANG_WARN_OBJC_ROOT_CLASS = YES_ERROR;
				CLANG_WARN__DUPLICATE_METHOD_MATCH = YES;
				"CODE_SIGN_IDENTITY[sdk=iphoneos*]" = "iPhone Developer";
				COPY_PHASE_STRIP = NO;
				GCC_C_LANGUAGE_STANDARD = gnu99;
				GCC_DYNAMIC_NO_PIC = NO;
				GCC_OPTIMIZATION_LEVEL = 0;
				GCC_PREPROCESSOR_DEFINITIONS = (
					"DEBUG=1",
					"$(inherited)",
				);
				GCC_SYMBOLS_PRIVATE_EXTERN = NO;
				GCC_WARN_64_TO_32_BIT_CONVERSION = YES;
				GCC_WARN_ABOUT_RETURN_TYPE = YES_ERROR;
				GCC_WARN_UNDECLARED_SELECTOR = YES;
				GCC_WARN_UNINITIALIZED_AUTOS = YES_AGGRESSIVE;
				GCC_WARN_UNUSED_FUNCTION = YES;
				GCC_WARN_UNUSED_VARIABLE = YES;
				IPHONEOS_DEPLOYMENT_TARGET = 7.1;
				ONLY_ACTIVE_ARCH = YES;
				SDKROOT = iphoneos;
				TARGETED_DEVICE_FAMILY = "1,2";
			};
			name = Debug;
		};
		8705BBFE193DAAF800294C01 /* Release */ = {
			isa = XCBuildConfiguration;
			buildSettings = {
				ALWAYS_SEARCH_USER_PATHS = NO;
				CLANG_CXX_LANGUAGE_STANDARD = "gnu++0x";
				CLANG_CXX_LIBRARY = "libc++";
				CLANG_ENABLE_MODULES = YES;
				CLANG_ENABLE_OBJC_ARC = YES;
				CLANG_WARN_BOOL_CONVERSION = YES;
				CLANG_WARN_CONSTANT_CONVERSION = YES;
				CLANG_WARN_DIRECT_OBJC_ISA_USAGE = YES_ERROR;
				CLANG_WARN_EMPTY_BODY = YES;
				CLANG_WARN_ENUM_CONVERSION = YES;
				CLANG_WARN_INT_CONVERSION = YES;
				CLANG_WARN_OBJC_ROOT_CLASS = YES_ERROR;
				CLANG_WARN__DUPLICATE_METHOD_MATCH = YES;
				"CODE_SIGN_IDENTITY[sdk=iphoneos*]" = "iPhone Developer";
				COPY_PHASE_STRIP = YES;
				ENABLE_NS_ASSERTIONS = NO;
				GCC_C_LANGUAGE_STANDARD = gnu99;
				GCC_WARN_64_TO_32_BIT_CONVERSION = YES;
				GCC_WARN_ABOUT_RETURN_TYPE = YES_ERROR;
				GCC_WARN_UNDECLARED_SELECTOR = YES;
				GCC_WARN_UNINITIALIZED_AUTOS = YES_AGGRESSIVE;
				GCC_WARN_UNUSED_FUNCTION = YES;
				GCC_WARN_UNUSED_VARIABLE = YES;
				IPHONEOS_DEPLOYMENT_TARGET = 7.1;
				SDKROOT = iphoneos;
				TARGETED_DEVICE_FAMILY = "1,2";
				VALIDATE_PRODUCT = YES;
			};
			name = Release;
		};
		8705BC00193DAAF800294C01 /* Debug */ = {
			isa = XCBuildConfiguration;
			buildSettings = {
				ASSETCATALOG_COMPILER_APPICON_NAME = AppIcon;
				ASSETCATALOG_COMPILER_LAUNCHIMAGE_NAME = LaunchImage;
				CODE_SIGN_IDENTITY = "iPhone Developer";
				GCC_PRECOMPILE_PREFIX_HEADER = YES;
				GCC_PREFIX_HEADER = "Fdancer/Fdancer-Prefix.pch";
				INFOPLIST_FILE = "Fdancer/Fdancer-Info.plist";
				IPHONEOS_DEPLOYMENT_TARGET = 7.0;
				PRODUCT_NAME = "$(TARGET_NAME)";
				WRAPPER_EXTENSION = app;
			};
			name = Debug;
		};
		8705BC01193DAAF800294C01 /* Release */ = {
			isa = XCBuildConfiguration;
			buildSettings = {
				ASSETCATALOG_COMPILER_APPICON_NAME = AppIcon;
				ASSETCATALOG_COMPILER_LAUNCHIMAGE_NAME = LaunchImage;
				CODE_SIGN_IDENTITY = "iPhone Developer";
				GCC_PRECOMPILE_PREFIX_HEADER = YES;
				GCC_PREFIX_HEADER = "Fdancer/Fdancer-Prefix.pch";
				INFOPLIST_FILE = "Fdancer/Fdancer-Info.plist";
				IPHONEOS_DEPLOYMENT_TARGET = 7.0;
				PRODUCT_NAME = "$(TARGET_NAME)";
				WRAPPER_EXTENSION = app;
			};
			name = Release;
		};
		8705BC03193DAAF800294C01 /* Debug */ = {
			isa = XCBuildConfiguration;
			buildSettings = {
				BUNDLE_LOADER = "$(BUILT_PRODUCTS_DIR)/Fdancer.app/Fdancer";
				FRAMEWORK_SEARCH_PATHS = (
					"$(SDKROOT)/Developer/Library/Frameworks",
					"$(inherited)",
					"$(DEVELOPER_FRAMEWORKS_DIR)",
				);
				GCC_PRECOMPILE_PREFIX_HEADER = YES;
				GCC_PREFIX_HEADER = "Fdancer/Fdancer-Prefix.pch";
				GCC_PREPROCESSOR_DEFINITIONS = (
					"DEBUG=1",
					"$(inherited)",
				);
				INFOPLIST_FILE = "FdancerTests/FdancerTests-Info.plist";
				PRODUCT_NAME = "$(TARGET_NAME)";
				TEST_HOST = "$(BUNDLE_LOADER)";
				WRAPPER_EXTENSION = xctest;
			};
			name = Debug;
		};
		8705BC04193DAAF800294C01 /* Release */ = {
			isa = XCBuildConfiguration;
			buildSettings = {
				BUNDLE_LOADER = "$(BUILT_PRODUCTS_DIR)/Fdancer.app/Fdancer";
				FRAMEWORK_SEARCH_PATHS = (
					"$(SDKROOT)/Developer/Library/Frameworks",
					"$(inherited)",
					"$(DEVELOPER_FRAMEWORKS_DIR)",
				);
				GCC_PRECOMPILE_PREFIX_HEADER = YES;
				GCC_PREFIX_HEADER = "Fdancer/Fdancer-Prefix.pch";
				INFOPLIST_FILE = "FdancerTests/FdancerTests-Info.plist";
				PRODUCT_NAME = "$(TARGET_NAME)";
				TEST_HOST = "$(BUNDLE_LOADER)";
				WRAPPER_EXTENSION = xctest;
			};
			name = Release;
		};
/* End XCBuildConfiguration section */

/* Begin XCConfigurationList section */
		8705BBC5193DAAF800294C01 /* Build configuration list for PBXProject "Fdancer" */ = {
			isa = XCConfigurationList;
			buildConfigurations = (
				8705BBFD193DAAF800294C01 /* Debug */,
				8705BBFE193DAAF800294C01 /* Release */,
			);
			defaultConfigurationIsVisible = 0;
			defaultConfigurationName = Release;
		};
		8705BBFF193DAAF800294C01 /* Build configuration list for PBXNativeTarget "Fdancer" */ = {
			isa = XCConfigurationList;
			buildConfigurations = (
				8705BC00193DAAF800294C01 /* Debug */,
				8705BC01193DAAF800294C01 /* Release */,
			);
			defaultConfigurationIsVisible = 0;
			defaultConfigurationName = Release;
		};
		8705BC02193DAAF800294C01 /* Build configuration list for PBXNativeTarget "FdancerTests" */ = {
			isa = XCConfigurationList;
			buildConfigurations = (
				8705BC03193DAAF800294C01 /* Debug */,
				8705BC04193DAAF800294C01 /* Release */,
			);
			defaultConfigurationIsVisible = 0;
			defaultConfigurationName = Release;
		};
/* End XCConfigurationList section */
	};
	rootObject = 8705BBC2193DAAF800294C01 /* Project object */;
}
